{
  "object": {
    "pins": [
      {
        "package": "TealiumCrashReporter",
        "repositoryURL": "https://github.com/christinasund/plcrash-test",
        "state": {
          "branch": null,
          "revision": "ff083fc2db50f102bbc587a6ffdc4cc7218f7f62",
          "version": "1.6.2"
        }
      },
      {
        "package": "TealiumSwift",
        "repositoryURL": "https://github.com/tealium/tealium-swift",
        "state": {
          "branch": null,
          "revision": "4c807fa348bd18844a4dd12ced16a4480e41b8a1",
          "version": "2.1.1"
        }
      }
    ]
  },
  "version": 1
}
