{
  "object": {
    "pins": [
      {
        "package": "TealiumCrashReporter",
        "repositoryURL": "https://github.com/christinasund/plcrash-test",
        "state": {
          "branch": "update-3",
          "revision": "51fc6c9aac2a3b804dac4ad5e072883159bd6f2f",
          "version": null
        }
      },
      {
        "package": "TealiumSwift",
        "repositoryURL": "https://github.com/tealium/tealium-swift",
        "state": {
          "branch": null,
          "revision": "4c807fa348bd18844a4dd12ced16a4480e41b8a1",
          "version": "2.1.1"
        }
      }
    ]
  },
  "version": 1
}
