PODS:
  - PLCrashReporter (1.11.1)
  - tealium-swift/Collect (2.12.2):
    - tealium-swift/Core
  - tealium-swift/Core (2.12.2)
  - TealiumCrashModule (2.5.0):
    - TealiumCrashModule/Crash (= 2.5.0)
  - TealiumCrashModule/Crash (2.5.0):
    - PLCrashReporter (~> 1.11)
    - tealium-swift/Core (~> 2.12)

DEPENDENCIES:
  - tealium-swift/Collect
  - TealiumCrashModule (from `../`)

SPEC REPOS:
  trunk:
    - PLCrashReporter
    - tealium-swift

EXTERNAL SOURCES:
  TealiumCrashModule:
    :path: "../"

SPEC CHECKSUMS:
  PLCrashReporter: 5d2d3967afe0efad61b3048d617e2199a5d1b787
  tealium-swift: 4b7e3dda42d7c1de6acb769abad9920346d17d43
  TealiumCrashModule: f52a33391a599e6b62983caff5432cd7e536104d

PODFILE CHECKSUM: f42513f0e4fa4fb776ae8518b481802963601346

COCOAPODS: 1.15.2
