{
  "object": {
    "pins": [
      {
        "package": "PLCrashReporter",
        "repositoryURL": "https://github.com/microsoft/plcrashreporter",
        "state": {
          "branch": null,
          "revision": "81cdec2b3827feb03286cb297f4c501a8eb98df1",
          "version": "1.10.2"
        }
      },
      {
        "package": "TealiumSwift",
        "repositoryURL": "https://github.com/tealium/tealium-swift",
        "state": {
          "branch": null,
          "revision": "3ed9f6593aeaf7c47f15e3f50d998a39c91ab065",
          "version": "2.6.5"
        }
      }
    ]
  },
  "version": 1
}
